// !$*UTF8*$!
{
	archiveVersion = 1;
	classes = {
	};
	objectVersion = 55;
	objects = {

/* Begin PBXBuildFile section */
		AA46AB352865EAED00CE0D07 /* WebView.swift in Sources */ = {isa = PBXBuildFile; fileRef = AA46AB342865EAED00CE0D07 /* WebView.swift */; };
		AA893CD0281662F200E393F4 /* TopView.swift in Sources */ = {isa = PBXBuildFile; fileRef = AA893CCF281662F200E393F4 /* TopView.swift */; };
		AA893CD22816B91500E393F4 /* MainView.swift in Sources */ = {isa = PBXBuildFile; fileRef = AA893CD12816B91500E393F4 /* MainView.swift */; };
		AA893CD42816BBA600E393F4 /* ChooseMbtiView.swift in Sources */ = {isa = PBXBuildFile; fileRef = AA893CD32816BBA600E393F4 /* ChooseMbtiView.swift */; };
		AA893CD62816BBE600E393F4 /* MenuView.swift in Sources */ = {isa = PBXBuildFile; fileRef = AA893CD52816BBE600E393F4 /* MenuView.swift */; };
		AAD7E95027E89E9200AD1043 /* MoobApp.swift in Sources */ = {isa = PBXBuildFile; fileRef = AAD7E94F27E89E9200AD1043 /* MoobApp.swift */; };
		AAD7E95227E89E9200AD1043 /* ContentView.swift in Sources */ = {isa = PBXBuildFile; fileRef = AAD7E95127E89E9200AD1043 /* ContentView.swift */; };
		AAD7E95427E89E9400AD1043 /* Assets.xcassets in Resources */ = {isa = PBXBuildFile; fileRef = AAD7E95327E89E9400AD1043 /* Assets.xcassets */; };
		AAD7E95727E89E9400AD1043 /* Preview Assets.xcassets in Resources */ = {isa = PBXBuildFile; fileRef = AAD7E95627E89E9400AD1043 /* Preview Assets.xcassets */; };
		AAD7E95F27E89EDB00AD1043 /* SigmarOne-Regular.ttf in Resources */ = {isa = PBXBuildFile; fileRef = AAD7E95E27E89ED800AD1043 /* SigmarOne-Regular.ttf */; };
/* End PBXBuildFile section */

/* Begin PBXFileReference section */
		AA46AB342865EAED00CE0D07 /* WebView.swift */ = {isa = PBXFileReference; lastKnownFileType = sourcecode.swift; path = WebView.swift; sourceTree = "<group>"; };
		AA893CCF281662F200E393F4 /* TopView.swift */ = {isa = PBXFileReference; lastKnownFileType = sourcecode.swift; path = TopView.swift; sourceTree = "<group>"; };
		AA893CD12816B91500E393F4 /* MainView.swift */ = {isa = PBXFileReference; lastKnownFileType = sourcecode.swift; path = MainView.swift; sourceTree = "<group>"; };
		AA893CD32816BBA600E393F4 /* ChooseMbtiView.swift */ = {isa = PBXFileReference; lastKnownFileType = sourcecode.swift; path = ChooseMbtiView.swift; sourceTree = "<group>"; };
		AA893CD52816BBE600E393F4 /* MenuView.swift */ = {isa = PBXFileReference; lastKnownFileType = sourcecode.swift; path = MenuView.swift; sourceTree = "<group>"; };
		AAD7E94C27E89E9200AD1043 /* Moob.app */ = {isa = PBXFileReference; explicitFileType = wrapper.application; includeInIndex = 0; path = Moob.app; sourceTree = BUILT_PRODUCTS_DIR; };
		AAD7E94F27E89E9200AD1043 /* MoobApp.swift */ = {isa = PBXFileReference; lastKnownFileType = sourcecode.swift; path = MoobApp.swift; sourceTree = "<group>"; };
		AAD7E95127E89E9200AD1043 /* ContentView.swift */ = {isa = PBXFileReference; lastKnownFileType = sourcecode.swift; path = ContentView.swift; sourceTree = "<group>"; };
		AAD7E95327E89E9400AD1043 /* Assets.xcassets */ = {isa = PBXFileReference; lastKnownFileType = folder.assetcatalog; path = Assets.xcassets; sourceTree = "<group>"; };
		AAD7E95627E89E9400AD1043 /* Preview Assets.xcassets */ = {isa = PBXFileReference; lastKnownFileType = folder.assetcatalog; path = "Preview Assets.xcassets"; sourceTree = "<group>"; };
		AAD7E95E27E89ED800AD1043 /* SigmarOne-Regular.ttf */ = {isa = PBXFileReference; lastKnownFileType = file; path = "SigmarOne-Regular.ttf"; sourceTree = "<group>"; };
		AAD7E96027E94C8400AD1043 /* Info.plist */ = {isa = PBXFileReference; lastKnownFileType = text.plist; path = Info.plist; sourceTree = "<group>"; };
/* End PBXFileReference section */

/* Begin PBXFrameworksBuildPhase section */
		AAD7E94927E89E9200AD1043 /* Frameworks */ = {
			isa = PBXFrameworksBuildPhase;
			buildActionMask = 2147483647;
			files = (
			);
			runOnlyForDeploymentPostprocessing = 0;
		};
/* End PBXFrameworksBuildPhase section */

/* Begin PBXGroup section */
		AAD7E94327E89E9200AD1043 = {
			isa = PBXGroup;
			children = (
				AAD7E94E27E89E9200AD1043 /* Moob */,
				AAD7E94D27E89E9200AD1043 /* Products */,
			);
			sourceTree = "<group>";
		};
		AAD7E94D27E89E9200AD1043 /* Products */ = {
			isa = PBXGroup;
			children = (
				AAD7E94C27E89E9200AD1043 /* Moob.app */,
			);
			name = Products;
			sourceTree = "<group>";
		};
		AAD7E94E27E89E9200AD1043 /* Moob */ = {
			isa = PBXGroup;
			children = (
				AAD7E96027E94C8400AD1043 /* Info.plist */,
				AAD7E95D27E89EC700AD1043 /* Fonts */,
				AAD7E94F27E89E9200AD1043 /* MoobApp.swift */,
				AAD7E95127E89E9200AD1043 /* ContentView.swift */,
				AAD7E95327E89E9400AD1043 /* Assets.xcassets */,
				AAD7E95527E89E9400AD1043 /* Preview Content */,
				AA893CCF281662F200E393F4 /* TopView.swift */,
				AA893CD12816B91500E393F4 /* MainView.swift */,
				AA893CD32816BBA600E393F4 /* ChooseMbtiView.swift */,
				AA893CD52816BBE600E393F4 /* MenuView.swift */,
				AA46AB342865EAED00CE0D07 /* WebView.swift */,
			);
			path = Moob;
			sourceTree = "<group>";
		};
		AAD7E95527E89E9400AD1043 /* Preview Content */ = {
			isa = PBXGroup;
			children = (
				AAD7E95627E89E9400AD1043 /* Preview Assets.xcassets */,
			);
			path = "Preview Content";
			sourceTree = "<group>";
		};
		AAD7E95D27E89EC700AD1043 /* Fonts */ = {
			isa = PBXGroup;
			children = (
				AAD7E95E27E89ED800AD1043 /* SigmarOne-Regular.ttf */,
			);
			path = Fonts;
			sourceTree = "<group>";
		};
/* End PBXGroup section */

/* Begin PBXNativeTarget section */
		AAD7E94B27E89E9200AD1043 /* Moob */ = {
			isa = PBXNativeTarget;
			buildConfigurationList = AAD7E95A27E89E9400AD1043 /* Build configuration list for PBXNativeTarget "Moob" */;
			buildPhases = (
				AAD7E94827E89E9200AD1043 /* Sources */,
				AAD7E94927E89E9200AD1043 /* Frameworks */,
				AAD7E94A27E89E9200AD1043 /* Resources */,
			);
			buildRules = (
			);
			dependencies = (
			);
			name = Moob;
			productName = Moob;
			productReference = AAD7E94C27E89E9200AD1043 /* Moob.app */;
			productType = "com.apple.product-type.application";
		};
/* End PBXNativeTarget section */

/* Begin PBXProject section */
		AAD7E94427E89E9200AD1043 /* Project object */ = {
			isa = PBXProject;
			attributes = {
				BuildIndependentTargetsInParallel = 1;
				LastSwiftUpdateCheck = 1330;
				LastUpgradeCheck = 1330;
				TargetAttributes = {
					AAD7E94B27E89E9200AD1043 = {
						CreatedOnToolsVersion = 13.3;
					};
				};
			};
			buildConfigurationList = AAD7E94727E89E9200AD1043 /* Build configuration list for PBXProject "Moob" */;
			compatibilityVersion = "Xcode 13.0";
			developmentRegion = en;
			hasScannedForEncodings = 0;
			knownRegions = (
				en,
				Base,
			);
			mainGroup = AAD7E94327E89E9200AD1043;
			productRefGroup = AAD7E94D27E89E9200AD1043 /* Products */;
			projectDirPath = "";
			projectRoot = "";
			targets = (
				AAD7E94B27E89E9200AD1043 /* Moob */,
			);
		};
/* End PBXProject section */

/* Begin PBXResourcesBuildPhase section */
		AAD7E94A27E89E9200AD1043 /* Resources */ = {
			isa = PBXResourcesBuildPhase;
			buildActionMask = 2147483647;
			files = (
				AAD7E95727E89E9400AD1043 /* Preview Assets.xcassets in Resources */,
				AAD7E95427E89E9400AD1043 /* Assets.xcassets in Resources */,
				AAD7E95F27E89EDB00AD1043 /* SigmarOne-Regular.ttf in Resources */,
			);
			runOnlyForDeploymentPostprocessing = 0;
		};
/* End PBXResourcesBuildPhase section */

/* Begin PBXSourcesBuildPhase section */
		AAD7E94827E89E9200AD1043 /* Sources */ = {
			isa = PBXSourcesBuildPhase;
			buildActionMask = 2147483647;
			files = (
				AAD7E95227E89E9200AD1043 /* ContentView.swift in Sources */,
				AA893CD62816BBE600E393F4 /* MenuView.swift in Sources */,
				AA893CD22816B91500E393F4 /* MainView.swift in Sources */,
				AA893CD0281662F200E393F4 /* TopView.swift in Sources */,
				AAD7E95027E89E9200AD1043 /* MoobApp.swift in Sources */,
				AA893CD42816BBA600E393F4 /* ChooseMbtiView.swift in Sources */,
				AA46AB352865EAED00CE0D07 /* WebView.swift in Sources */,
			);
			runOnlyForDeploymentPostprocessing = 0;
		};
/* End PBXSourcesBuildPhase section */

/* Begin XCBuildConfiguration section */
		AAD7E95827E89E9400AD1043 /* Debug */ = {
			isa = XCBuildConfiguration;
			buildSettings = {
				ALWAYS_SEARCH_USER_PATHS = NO;
				CLANG_ANALYZER_NONNULL = YES;
				CLANG_ANALYZER_NUMBER_OBJECT_CONVERSION = YES_AGGRESSIVE;
				CLANG_CXX_LANGUAGE_STANDARD = "gnu++17";
				CLANG_ENABLE_MODULES = YES;
				CLANG_ENABLE_OBJC_ARC = YES;
				CLANG_ENABLE_OBJC_WEAK = YES;
				CLANG_WARN_BLOCK_CAPTURE_AUTORELEASING = YES;
				CLANG_WARN_BOOL_CONVERSION = YES;
				CLANG_WARN_COMMA = YES;
				CLANG_WARN_CONSTANT_CONVERSION = YES;
				CLANG_WARN_DEPRECATED_OBJC_IMPLEMENTATIONS = YES;
				CLANG_WARN_DIRECT_OBJC_ISA_USAGE = YES_ERROR;
				CLANG_WARN_DOCUMENTATION_COMMENTS = YES;
				CLANG_WARN_EMPTY_BODY = YES;
				CLANG_WARN_ENUM_CONVERSION = YES;
				CLANG_WARN_INFINITE_RECURSION = YES;
				CLANG_WARN_INT_CONVERSION = YES;
				CLANG_WARN_NON_LITERAL_NULL_CONVERSION = YES;
				CLANG_WARN_OBJC_IMPLICIT_RETAIN_SELF = YES;
				CLANG_WARN_OBJC_LITERAL_CONVERSION = YES;
				CLANG_WARN_OBJC_ROOT_CLASS = YES_ERROR;
				CLANG_WARN_QUOTED_INCLUDE_IN_FRAMEWORK_HEADER = YES;
				CLANG_WARN_RANGE_LOOP_ANALYSIS = YES;
				CLANG_WARN_STRICT_PROTOTYPES = YES;
				CLANG_WARN_SUSPICIOUS_MOVE = YES;
				CLANG_WARN_UNGUARDED_AVAILABILITY = YES_AGGRESSIVE;
				CLANG_WARN_UNREACHABLE_CODE = YES;
				CLANG_WARN__DUPLICATE_METHOD_MATCH = YES;
				COPY_PHASE_STRIP = NO;
				DEBUG_INFORMATION_FORMAT = dwarf;
				ENABLE_STRICT_OBJC_MSGSEND = YES;
				ENABLE_TESTABILITY = YES;
				GCC_C_LANGUAGE_STANDARD = gnu11;
				GCC_DYNAMIC_NO_PIC = NO;
				GCC_NO_COMMON_BLOCKS = YES;
				GCC_OPTIMIZATION_LEVEL = 0;
				GCC_PREPROCESSOR_DEFINITIONS = (
					"DEBUG=1",
					"$(inherited)",
				);
				GCC_WARN_64_TO_32_BIT_CONVERSION = YES;
				GCC_WARN_ABOUT_RETURN_TYPE = YES_ERROR;
				GCC_WARN_UNDECLARED_SELECTOR = YES;
				GCC_WARN_UNINITIALIZED_AUTOS = YES_AGGRESSIVE;
				GCC_WARN_UNUSED_FUNCTION = YES;
				GCC_WARN_UNUSED_VARIABLE = YES;
				IPHONEOS_DEPLOYMENT_TARGET = 15.4;
				MTL_ENABLE_DEBUG_INFO = INCLUDE_SOURCE;
				MTL_FAST_MATH = YES;
				ONLY_ACTIVE_ARCH = YES;
				SDKROOT = iphoneos;
				SWIFT_ACTIVE_COMPILATION_CONDITIONS = DEBUG;
				SWIFT_OPTIMIZATION_LEVEL = "-Onone";
			};
			name = Debug;
		};
		AAD7E95927E89E9400AD1043 /* Release */ = {
			isa = XCBuildConfiguration;
			buildSettings = {
				ALWAYS_SEARCH_USER_PATHS = NO;
				CLANG_ANALYZER_NONNULL = YES;
				CLANG_ANALYZER_NUMBER_OBJECT_CONVERSION = YES_AGGRESSIVE;
				CLANG_CXX_LANGUAGE_STANDARD = "gnu++17";
				CLANG_ENABLE_MODULES = YES;
				CLANG_ENABLE_OBJC_ARC = YES;
				CLANG_ENABLE_OBJC_WEAK = YES;
				CLANG_WARN_BLOCK_CAPTURE_AUTORELEASING = YES;
				CLANG_WARN_BOOL_CONVERSION = YES;
				CLANG_WARN_COMMA = YES;
				CLANG_WARN_CONSTANT_CONVERSION = YES;
				CLANG_WARN_DEPRECATED_OBJC_IMPLEMENTATIONS = YES;
				CLANG_WARN_DIRECT_OBJC_ISA_USAGE = YES_ERROR;
				CLANG_WARN_DOCUMENTATION_COMMENTS = YES;
				CLANG_WARN_EMPTY_BODY = YES;
				CLANG_WARN_ENUM_CONVERSION = YES;
				CLANG_WARN_INFINITE_RECURSION = YES;
				CLANG_WARN_INT_CONVERSION = YES;
				CLANG_WARN_NON_LITERAL_NULL_CONVERSION = YES;
				CLANG_WARN_OBJC_IMPLICIT_RETAIN_SELF = YES;
				CLANG_WARN_OBJC_LITERAL_CONVERSION = YES;
				CLANG_WARN_OBJC_ROOT_CLASS = YES_ERROR;
				CLANG_WARN_QUOTED_INCLUDE_IN_FRAMEWORK_HEADER = YES;
				CLANG_WARN_RANGE_LOOP_ANALYSIS = YES;
				CLANG_WARN_STRICT_PROTOTYPES = YES;
				CLANG_WARN_SUSPICIOUS_MOVE = YES;
				CLANG_WARN_UNGUARDED_AVAILABILITY = YES_AGGRESSIVE;
				CLANG_WARN_UNREACHABLE_CODE = YES;
				CLANG_WARN__DUPLICATE_METHOD_MATCH = YES;
				COPY_PHASE_STRIP = NO;
				DEBUG_INFORMATION_FORMAT = "dwarf-with-dsym";
				ENABLE_NS_ASSERTIONS = NO;
				ENABLE_STRICT_OBJC_MSGSEND = YES;
				GCC_C_LANGUAGE_STANDARD = gnu11;
				GCC_NO_COMMON_BLOCKS = YES;
				GCC_WARN_64_TO_32_BIT_CONVERSION = YES;
				GCC_WARN_ABOUT_RETURN_TYPE = YES_ERROR;
				GCC_WARN_UNDECLARED_SELECTOR = YES;
				GCC_WARN_UNINITIALIZED_AUTOS = YES_AGGRESSIVE;
				GCC_WARN_UNUSED_FUNCTION = YES;
				GCC_WARN_UNUSED_VARIABLE = YES;
				IPHONEOS_DEPLOYMENT_TARGET = 15.4;
				MTL_ENABLE_DEBUG_INFO = NO;
				MTL_FAST_MATH = YES;
				SDKROOT = iphoneos;
				SWIFT_COMPILATION_MODE = wholemodule;
				SWIFT_OPTIMIZATION_LEVEL = "-O";
				VALIDATE_PRODUCT = YES;
			};
			name = Release;
		};
		AAD7E95B27E89E9400AD1043 /* Debug */ = {
			isa = XCBuildConfiguration;
			buildSettings = {
				ASSETCATALOG_COMPILER_APPICON_NAME = AppIcon;
				ASSETCATALOG_COMPILER_GLOBAL_ACCENT_COLOR_NAME = AccentColor;
				CODE_SIGN_STYLE = Automatic;
				CURRENT_PROJECT_VERSION = 1;
				DEVELOPMENT_ASSET_PATHS = "\"Moob/Preview Content\"";
				DEVELOPMENT_TEAM = P275SPG67W;
				ENABLE_PREVIEWS = YES;
				GENERATE_INFOPLIST_FILE = YES;
				INFOPLIST_FILE = Moob/Info.plist;
				INFOPLIST_KEY_UIApplicationSceneManifest_Generation = YES;
				INFOPLIST_KEY_UIApplicationSupportsIndirectInputEvents = YES;
				INFOPLIST_KEY_UISupportedInterfaceOrientations = UIInterfaceOrientationPortrait;
				INFOPLIST_KEY_UISupportedInterfaceOrientations_iPad = "UIInterfaceOrientationPortrait UIInterfaceOrientationPortraitUpsideDown UIInterfaceOrientationLandscapeLeft UIInterfaceOrientationLandscapeRight";
				INFOPLIST_KEY_UISupportedInterfaceOrientations_iPhone = "UIInterfaceOrientationPortrait UIInterfaceOrientationLandscapeLeft UIInterfaceOrientationLandscapeRight";
				LD_RUNPATH_SEARCH_PATHS = (
					"$(inherited)",
					"@executable_path/Frameworks",
				);
				MARKETING_VERSION = 1.0;
				PRODUCT_BUNDLE_IDENTIFIER = com.yeonju.Moob;
				PRODUCT_NAME = "$(TARGET_NAME)";
				SWIFT_EMIT_LOC_STRINGS = YES;
				SWIFT_VERSION = 5.0;
				TARGETED_DEVICE_FAMILY = 1;
			};
			name = Debug;
		};
		AAD7E95C27E89E9400AD1043 /* Release */ = {
			isa = XCBuildConfiguration;
			buildSettings = {
				ASSETCATALOG_COMPILER_APPICON_NAME = AppIcon;
				ASSETCATALOG_COMPILER_GLOBAL_ACCENT_COLOR_NAME = AccentColor;
				CODE_SIGN_STYLE = Automatic;
				CURRENT_PROJECT_VERSION = 1;
				DEVELOPMENT_ASSET_PATHS = "\"Moob/Preview Content\"";
				DEVELOPMENT_TEAM = P275SPG67W;
				ENABLE_PREVIEWS = YES;
				GENERATE_INFOPLIST_FILE = YES;
				INFOPLIST_FILE = Moob/Info.plist;
				INFOPLIST_KEY_UIApplicationSceneManifest_Generation = YES;
				INFOPLIST_KEY_UIApplicationSupportsIndirectInputEvents = YES;
				INFOPLIST_KEY_UISupportedInterfaceOrientations = UIInterfaceOrientationPortrait;
				INFOPLIST_KEY_UISupportedInterfaceOrientations_iPad = "UIInterfaceOrientationPortrait UIInterfaceOrientationPortraitUpsideDown UIInterfaceOrientationLandscapeLeft UIInterfaceOrientationLandscapeRight";
				INFOPLIST_KEY_UISupportedInterfaceOrientations_iPhone = "UIInterfaceOrientationPortrait UIInterfaceOrientationLandscapeLeft UIInterfaceOrientationLandscapeRight";
				LD_RUNPATH_SEARCH_PATHS = (
					"$(inherited)",
					"@executable_path/Frameworks",
				);
				MARKETING_VERSION = 1.0;
				PRODUCT_BUNDLE_IDENTIFIER = com.yeonju.Moob;
				PRODUCT_NAME = "$(TARGET_NAME)";
				SWIFT_EMIT_LOC_STRINGS = YES;
				SWIFT_VERSION = 5.0;
				TARGETED_DEVICE_FAMILY = 1;
			};
			name = Release;
		};
/* End XCBuildConfiguration section */

/* Begin XCConfigurationList section */
		AAD7E94727E89E9200AD1043 /* Build configuration list for PBXProject "Moob" */ = {
			isa = XCConfigurationList;
			buildConfigurations = (
				AAD7E95827E89E9400AD1043 /* Debug */,
				AAD7E95927E89E9400AD1043 /* Release */,
			);
			defaultConfigurationIsVisible = 0;
			defaultConfigurationName = Release;
		};
		AAD7E95A27E89E9400AD1043 /* Build configuration list for PBXNativeTarget "Moob" */ = {
			isa = XCConfigurationList;
			buildConfigurations = (
				AAD7E95B27E89E9400AD1043 /* Debug */,
				AAD7E95C27E89E9400AD1043 /* Release */,
			);
			defaultConfigurationIsVisible = 0;
			defaultConfigurationName = Release;
		};
/* End XCConfigurationList section */
	};
	rootObject = AAD7E94427E89E9200AD1043 /* Project object */;
}
